{
  "name": "jquery-lazyload-any",
  "version": "0.3.1",
  "lockfileVersion": 3,
  "requires": true,
  "packages": {
    "": {
      "name": "jquery-lazyload-any",
      "version": "0.3.1",
      "license": "MIT",
      "dependencies": {
        "jquery-lazyload-any": "file:"
      }
    },
    "node_modules/jquery-lazyload-any": {
      "resolved": "",
      "link": true
    }
  }
}
